
Microsoft Visual Studio Solution File, Format Version 12.00
# Visual Studio Express 2012 for Web
Project("{E24C65DC-7377-472B-9ABA-BC803B73C61A}") = "KendoUIDemo", ".", "{F3594817-26F7-41CC-99FC-5850C81987FF}"
	ProjectSection(WebsiteProperties) = preProject
		TargetFrameworkMoniker = ".NETFramework,Version%3Dv4.0"
		Debug.AspNetCompiler.VirtualPath = "/KendoUIDemo"
		Debug.AspNetCompiler.PhysicalPath = "..\KendoUIDemo\"
		Debug.AspNetCompiler.TargetPath = "PrecompiledWeb\KendoUIDemo\"
		Debug.AspNetCompiler.Updateable = "true"
		Debug.AspNetCompiler.ForceOverwrite = "true"
		Debug.AspNetCompiler.FixedNames = "false"
		Debug.AspNetCompiler.Debug = "True"
		Release.AspNetCompiler.VirtualPath = "/KendoUIDemo"
		Release.AspNetCompiler.PhysicalPath = "..\KendoUIDemo\"
		Release.AspNetCompiler.TargetPath = "PrecompiledWeb\KendoUIDemo\"
		Release.AspNetCompiler.Updateable = "true"
		Release.AspNetCompiler.ForceOverwrite = "true"
		Release.AspNetCompiler.FixedNames = "false"
		Release.AspNetCompiler.Debug = "False"
		VWDPort = "21973"
	EndProjectSection
EndProject
Global
	GlobalSection(SolutionConfigurationPlatforms) = preSolution
		Debug|Any CPU = Debug|Any CPU
	EndGlobalSection
	GlobalSection(ProjectConfigurationPlatforms) = postSolution
		{F3594817-26F7-41CC-99FC-5850C81987FF}.Debug|Any CPU.ActiveCfg = Debug|Any CPU
		{F3594817-26F7-41CC-99FC-5850C81987FF}.Debug|Any CPU.Build.0 = Debug|Any CPU
	EndGlobalSection
	GlobalSection(SolutionProperties) = preSolution
		HideSolutionNode = FALSE
	EndGlobalSection
EndGlobal
